// !$*UTF8*$!
{
	archiveVersion = 1;
	classes = {
	};
	objectVersion = 50;
	objects = {

/* Begin PBXBuildFile section */
		94B517FA23C8AD310096E152 /* CZTableView.framework in Frameworks */ = {isa = PBXBuildFile; fileRef = 94B517F023C8AD300096E152 /* CZTableView.framework */; };
		94B517FF23C8AD310096E152 /* CZTableViewTests.swift in Sources */ = {isa = PBXBuildFile; fileRef = 94B517FE23C8AD310096E152 /* CZTableViewTests.swift */; };
		94B5180123C8AD310096E152 /* CZTableView.h in Headers */ = {isa = PBXBuildFile; fileRef = 94B517F323C8AD300096E152 /* CZTableView.h */; settings = {ATTRIBUTES = (Public, ); }; };
		94B5186223C8B0440096E152 /* CollectionView.swift in Sources */ = {isa = PBXBuildFile; fileRef = 94B5185E23C8B0440096E152 /* CollectionView.swift */; };
		94B5186323C8B0440096E152 /* TableView+Switcher.swift in Sources */ = {isa = PBXBuildFile; fileRef = 94B5185F23C8B0440096E152 /* TableView+Switcher.swift */; };
		94B5186423C8B0440096E152 /* CollectionView+Switcher.swift in Sources */ = {isa = PBXBuildFile; fileRef = 94B5186023C8B0440096E152 /* CollectionView+Switcher.swift */; };
		94B5186523C8B0440096E152 /* TableView.swift in Sources */ = {isa = PBXBuildFile; fileRef = 94B5186123C8B0440096E152 /* TableView.swift */; };
		94B5186A23C8B0510096E152 /* PlaceholdersSwitcher.swift in Sources */ = {isa = PBXBuildFile; fileRef = 94B5186623C8B0510096E152 /* PlaceholdersSwitcher.swift */; };
		94B5186B23C8B0510096E152 /* CellPlaceholding.swift in Sources */ = {isa = PBXBuildFile; fileRef = 94B5186723C8B0510096E152 /* CellPlaceholding.swift */; };
		94B5186C23C8B0510096E152 /* NibLoadable.swift in Sources */ = {isa = PBXBuildFile; fileRef = 94B5186823C8B0510096E152 /* NibLoadable.swift */; };
		94B5186D23C8B0510096E152 /* Reusable.swift in Sources */ = {isa = PBXBuildFile; fileRef = 94B5186923C8B0510096E152 /* Reusable.swift */; };
		94B5187123C8B0590096E152 /* PlaceholderDataSourceDelegate.swift in Sources */ = {isa = PBXBuildFile; fileRef = 94B5186E23C8B0580096E152 /* PlaceholderDataSourceDelegate.swift */; };
		94B5187223C8B0590096E152 /* PlaceholdersProvider+Defauls.swift in Sources */ = {isa = PBXBuildFile; fileRef = 94B5186F23C8B0580096E152 /* PlaceholdersProvider+Defauls.swift */; };
		94B5187323C8B0590096E152 /* PlaceholdersProvider.swift in Sources */ = {isa = PBXBuildFile; fileRef = 94B5187023C8B0580096E152 /* PlaceholdersProvider.swift */; };
		94B5187923C8B0620096E152 /* PlaceholderKey.swift in Sources */ = {isa = PBXBuildFile; fileRef = 94B5187423C8B0610096E152 /* PlaceholderKey.swift */; };
		94B5187A23C8B0620096E152 /* PlaceholderData.swift in Sources */ = {isa = PBXBuildFile; fileRef = 94B5187523C8B0610096E152 /* PlaceholderData.swift */; };
		94B5187B23C8B0620096E152 /* Placeholder.swift in Sources */ = {isa = PBXBuildFile; fileRef = 94B5187623C8B0620096E152 /* Placeholder.swift */; };
		94B5187C23C8B0620096E152 /* ErrorMessage.swift in Sources */ = {isa = PBXBuildFile; fileRef = 94B5187723C8B0620096E152 /* ErrorMessage.swift */; };
		94B5187D23C8B0620096E152 /* PlaceholderStyle.swift in Sources */ = {isa = PBXBuildFile; fileRef = 94B5187823C8B0620096E152 /* PlaceholderStyle.swift */; };
		94B5188223C8B06A0096E152 /* PlaceholderCollectionViewCell.xib in Resources */ = {isa = PBXBuildFile; fileRef = 94B5187E23C8B06A0096E152 /* PlaceholderCollectionViewCell.xib */; };
		94B5188323C8B06A0096E152 /* PlaceholderTableViewCell.swift in Sources */ = {isa = PBXBuildFile; fileRef = 94B5187F23C8B06A0096E152 /* PlaceholderTableViewCell.swift */; };
		94B5188423C8B06A0096E152 /* PlaceholderCollectionViewCell.swift in Sources */ = {isa = PBXBuildFile; fileRef = 94B5188023C8B06A0096E152 /* PlaceholderCollectionViewCell.swift */; };
		94B5188523C8B06A0096E152 /* PlaceholderTableViewCell.xib in Resources */ = {isa = PBXBuildFile; fileRef = 94B5188123C8B06A0096E152 /* PlaceholderTableViewCell.xib */; };
		94B5188723C8B07B0096E152 /* Assets.xcassets in Resources */ = {isa = PBXBuildFile; fileRef = 94B5188623C8B07A0096E152 /* Assets.xcassets */; };
/* End PBXBuildFile section */

/* Begin PBXContainerItemProxy section */
		94B517FB23C8AD310096E152 /* PBXContainerItemProxy */ = {
			isa = PBXContainerItemProxy;
			containerPortal = 94B517E723C8AD300096E152 /* Project object */;
			proxyType = 1;
			remoteGlobalIDString = 94B517EF23C8AD300096E152;
			remoteInfo = CZTableView;
		};
		94B5185123C8AEAE0096E152 /* PBXContainerItemProxy */ = {
			isa = PBXContainerItemProxy;
			containerPortal = 94B5184B23C8AEAE0096E152 /* testq.xcodeproj */;
			proxyType = 2;
			remoteGlobalIDString = 94B5181723C8AE150096E152;
			remoteInfo = testq;
		};
		94B5185323C8AEAE0096E152 /* PBXContainerItemProxy */ = {
			isa = PBXContainerItemProxy;
			containerPortal = 94B5184B23C8AEAE0096E152 /* testq.xcodeproj */;
			proxyType = 2;
			remoteGlobalIDString = 94B5182D23C8AE1A0096E152;
			remoteInfo = testqTests;
		};
		94B5185523C8AEAE0096E152 /* PBXContainerItemProxy */ = {
			isa = PBXContainerItemProxy;
			containerPortal = 94B5184B23C8AEAE0096E152 /* testq.xcodeproj */;
			proxyType = 2;
			remoteGlobalIDString = 94B5183823C8AE1A0096E152;
			remoteInfo = testqUITests;
		};
/* End PBXContainerItemProxy section */

/* Begin PBXFileReference section */
		94B517F023C8AD300096E152 /* CZTableView.framework */ = {isa = PBXFileReference; explicitFileType = wrapper.framework; includeInIndex = 0; path = CZTableView.framework; sourceTree = BUILT_PRODUCTS_DIR; };
		94B517F323C8AD300096E152 /* CZTableView.h */ = {isa = PBXFileReference; lastKnownFileType = sourcecode.c.h; path = CZTableView.h; sourceTree = "<group>"; };
		94B517F423C8AD300096E152 /* Info.plist */ = {isa = PBXFileReference; lastKnownFileType = text.plist.xml; path = Info.plist; sourceTree = "<group>"; };
		94B517F923C8AD310096E152 /* CZTableViewTests.xctest */ = {isa = PBXFileReference; explicitFileType = wrapper.cfbundle; includeInIndex = 0; path = CZTableViewTests.xctest; sourceTree = BUILT_PRODUCTS_DIR; };
		94B517FE23C8AD310096E152 /* CZTableViewTests.swift */ = {isa = PBXFileReference; lastKnownFileType = sourcecode.swift; path = CZTableViewTests.swift; sourceTree = "<group>"; };
		94B5180023C8AD310096E152 /* Info.plist */ = {isa = PBXFileReference; lastKnownFileType = text.plist.xml; path = Info.plist; sourceTree = "<group>"; };
		94B5184B23C8AEAE0096E152 /* testq.xcodeproj */ = {isa = PBXFileReference; lastKnownFileType = "wrapper.pb-project"; name = testq.xcodeproj; path = ../testq/testq.xcodeproj; sourceTree = "<group>"; };
		94B5185E23C8B0440096E152 /* CollectionView.swift */ = {isa = PBXFileReference; fileEncoding = 4; lastKnownFileType = sourcecode.swift; path = CollectionView.swift; sourceTree = "<group>"; };
		94B5185F23C8B0440096E152 /* TableView+Switcher.swift */ = {isa = PBXFileReference; fileEncoding = 4; lastKnownFileType = sourcecode.swift; path = "TableView+Switcher.swift"; sourceTree = "<group>"; };
		94B5186023C8B0440096E152 /* CollectionView+Switcher.swift */ = {isa = PBXFileReference; fileEncoding = 4; lastKnownFileType = sourcecode.swift; path = "CollectionView+Switcher.swift"; sourceTree = "<group>"; };
		94B5186123C8B0440096E152 /* TableView.swift */ = {isa = PBXFileReference; fileEncoding = 4; lastKnownFileType = sourcecode.swift; path = TableView.swift; sourceTree = "<group>"; };
		94B5186623C8B0510096E152 /* PlaceholdersSwitcher.swift */ = {isa = PBXFileReference; fileEncoding = 4; lastKnownFileType = sourcecode.swift; path = PlaceholdersSwitcher.swift; sourceTree = "<group>"; };
		94B5186723C8B0510096E152 /* CellPlaceholding.swift */ = {isa = PBXFileReference; fileEncoding = 4; lastKnownFileType = sourcecode.swift; path = CellPlaceholding.swift; sourceTree = "<group>"; };
		94B5186823C8B0510096E152 /* NibLoadable.swift */ = {isa = PBXFileReference; fileEncoding = 4; lastKnownFileType = sourcecode.swift; path = NibLoadable.swift; sourceTree = "<group>"; };
		94B5186923C8B0510096E152 /* Reusable.swift */ = {isa = PBXFileReference; fileEncoding = 4; lastKnownFileType = sourcecode.swift; path = Reusable.swift; sourceTree = "<group>"; };
		94B5186E23C8B0580096E152 /* PlaceholderDataSourceDelegate.swift */ = {isa = PBXFileReference; fileEncoding = 4; lastKnownFileType = sourcecode.swift; path = PlaceholderDataSourceDelegate.swift; sourceTree = "<group>"; };
		94B5186F23C8B0580096E152 /* PlaceholdersProvider+Defauls.swift */ = {isa = PBXFileReference; fileEncoding = 4; lastKnownFileType = sourcecode.swift; path = "PlaceholdersProvider+Defauls.swift"; sourceTree = "<group>"; };
		94B5187023C8B0580096E152 /* PlaceholdersProvider.swift */ = {isa = PBXFileReference; fileEncoding = 4; lastKnownFileType = sourcecode.swift; path = PlaceholdersProvider.swift; sourceTree = "<group>"; };
		94B5187423C8B0610096E152 /* PlaceholderKey.swift */ = {isa = PBXFileReference; fileEncoding = 4; lastKnownFileType = sourcecode.swift; path = PlaceholderKey.swift; sourceTree = "<group>"; };
		94B5187523C8B0610096E152 /* PlaceholderData.swift */ = {isa = PBXFileReference; fileEncoding = 4; lastKnownFileType = sourcecode.swift; path = PlaceholderData.swift; sourceTree = "<group>"; };
		94B5187623C8B0620096E152 /* Placeholder.swift */ = {isa = PBXFileReference; fileEncoding = 4; lastKnownFileType = sourcecode.swift; path = Placeholder.swift; sourceTree = "<group>"; };
		94B5187723C8B0620096E152 /* ErrorMessage.swift */ = {isa = PBXFileReference; fileEncoding = 4; lastKnownFileType = sourcecode.swift; path = ErrorMessage.swift; sourceTree = "<group>"; };
		94B5187823C8B0620096E152 /* PlaceholderStyle.swift */ = {isa = PBXFileReference; fileEncoding = 4; lastKnownFileType = sourcecode.swift; path = PlaceholderStyle.swift; sourceTree = "<group>"; };
		94B5187E23C8B06A0096E152 /* PlaceholderCollectionViewCell.xib */ = {isa = PBXFileReference; fileEncoding = 4; lastKnownFileType = file.xib; path = PlaceholderCollectionViewCell.xib; sourceTree = "<group>"; };
		94B5187F23C8B06A0096E152 /* PlaceholderTableViewCell.swift */ = {isa = PBXFileReference; fileEncoding = 4; lastKnownFileType = sourcecode.swift; path = PlaceholderTableViewCell.swift; sourceTree = "<group>"; };
		94B5188023C8B06A0096E152 /* PlaceholderCollectionViewCell.swift */ = {isa = PBXFileReference; fileEncoding = 4; lastKnownFileType = sourcecode.swift; path = PlaceholderCollectionViewCell.swift; sourceTree = "<group>"; };
		94B5188123C8B06A0096E152 /* PlaceholderTableViewCell.xib */ = {isa = PBXFileReference; fileEncoding = 4; lastKnownFileType = file.xib; path = PlaceholderTableViewCell.xib; sourceTree = "<group>"; };
		94B5188623C8B07A0096E152 /* Assets.xcassets */ = {isa = PBXFileReference; lastKnownFileType = folder.assetcatalog; path = Assets.xcassets; sourceTree = "<group>"; };
/* End PBXFileReference section */

/* Begin PBXFrameworksBuildPhase section */
		94B517ED23C8AD300096E152 /* Frameworks */ = {
			isa = PBXFrameworksBuildPhase;
			buildActionMask = 2147483647;
			files = (
			);
			runOnlyForDeploymentPostprocessing = 0;
		};
		94B517F623C8AD310096E152 /* Frameworks */ = {
			isa = PBXFrameworksBuildPhase;
			buildActionMask = 2147483647;
			files = (
				94B517FA23C8AD310096E152 /* CZTableView.framework in Frameworks */,
			);
			runOnlyForDeploymentPostprocessing = 0;
		};
/* End PBXFrameworksBuildPhase section */

/* Begin PBXGroup section */
		94B517E623C8AD300096E152 = {
			isa = PBXGroup;
			children = (
				94B517F223C8AD300096E152 /* CZTableView */,
				94B517FD23C8AD310096E152 /* CZTableViewTests */,
				94B517F123C8AD300096E152 /* Products */,
				94B5184A23C8AEAE0096E152 /* Frameworks */,
			);
			sourceTree = "<group>";
		};
		94B517F123C8AD300096E152 /* Products */ = {
			isa = PBXGroup;
			children = (
				94B517F023C8AD300096E152 /* CZTableView.framework */,
				94B517F923C8AD310096E152 /* CZTableViewTests.xctest */,
			);
			name = Products;
			sourceTree = "<group>";
		};
		94B517F223C8AD300096E152 /* CZTableView */ = {
			isa = PBXGroup;
			children = (
				94B5185E23C8B0440096E152 /* CollectionView.swift */,
				94B5186023C8B0440096E152 /* CollectionView+Switcher.swift */,
				94B5186123C8B0440096E152 /* TableView.swift */,
				94B5185F23C8B0440096E152 /* TableView+Switcher.swift */,
				94B5186723C8B0510096E152 /* CellPlaceholding.swift */,
				94B5186823C8B0510096E152 /* NibLoadable.swift */,
				94B5186623C8B0510096E152 /* PlaceholdersSwitcher.swift */,
				94B5186923C8B0510096E152 /* Reusable.swift */,
				94B5186E23C8B0580096E152 /* PlaceholderDataSourceDelegate.swift */,
				94B5187023C8B0580096E152 /* PlaceholdersProvider.swift */,
				94B5186F23C8B0580096E152 /* PlaceholdersProvider+Defauls.swift */,
				94B5187723C8B0620096E152 /* ErrorMessage.swift */,
				94B5187623C8B0620096E152 /* Placeholder.swift */,
				94B5187523C8B0610096E152 /* PlaceholderData.swift */,
				94B5187423C8B0610096E152 /* PlaceholderKey.swift */,
				94B5187823C8B0620096E152 /* PlaceholderStyle.swift */,
				94B5188023C8B06A0096E152 /* PlaceholderCollectionViewCell.swift */,
				94B5187E23C8B06A0096E152 /* PlaceholderCollectionViewCell.xib */,
				94B5187F23C8B06A0096E152 /* PlaceholderTableViewCell.swift */,
				94B5188123C8B06A0096E152 /* PlaceholderTableViewCell.xib */,
				94B5188623C8B07A0096E152 /* Assets.xcassets */,
				94B517F323C8AD300096E152 /* CZTableView.h */,
				94B517F423C8AD300096E152 /* Info.plist */,
			);
			path = CZTableView;
			sourceTree = "<group>";
		};
		94B517FD23C8AD310096E152 /* CZTableViewTests */ = {
			isa = PBXGroup;
			children = (
				94B517FE23C8AD310096E152 /* CZTableViewTests.swift */,
				94B5180023C8AD310096E152 /* Info.plist */,
			);
			path = CZTableViewTests;
			sourceTree = "<group>";
		};
		94B5184A23C8AEAE0096E152 /* Frameworks */ = {
			isa = PBXGroup;
			children = (
				94B5184B23C8AEAE0096E152 /* testq.xcodeproj */,
			);
			name = Frameworks;
			sourceTree = "<group>";
		};
		94B5184C23C8AEAE0096E152 /* Products */ = {
			isa = PBXGroup;
			children = (
				94B5185223C8AEAE0096E152 /* testq.app */,
				94B5185423C8AEAE0096E152 /* testqTests.xctest */,
				94B5185623C8AEAE0096E152 /* testqUITests.xctest */,
			);
			name = Products;
			sourceTree = "<group>";
		};
/* End PBXGroup section */

/* Begin PBXHeadersBuildPhase section */
		94B517EB23C8AD300096E152 /* Headers */ = {
			isa = PBXHeadersBuildPhase;
			buildActionMask = 2147483647;
			files = (
				94B5180123C8AD310096E152 /* CZTableView.h in Headers */,
			);
			runOnlyForDeploymentPostprocessing = 0;
		};
/* End PBXHeadersBuildPhase section */

/* Begin PBXNativeTarget section */
		94B517EF23C8AD300096E152 /* CZTableView */ = {
			isa = PBXNativeTarget;
			buildConfigurationList = 94B5180423C8AD310096E152 /* Build configuration list for PBXNativeTarget "CZTableView" */;
			buildPhases = (
				94B517EB23C8AD300096E152 /* Headers */,
				94B517EC23C8AD300096E152 /* Sources */,
				94B517ED23C8AD300096E152 /* Frameworks */,
				94B517EE23C8AD300096E152 /* Resources */,
			);
			buildRules = (
			);
			dependencies = (
			);
			name = CZTableView;
			productName = CZTableView;
			productReference = 94B517F023C8AD300096E152 /* CZTableView.framework */;
			productType = "com.apple.product-type.framework";
		};
		94B517F823C8AD310096E152 /* CZTableViewTests */ = {
			isa = PBXNativeTarget;
			buildConfigurationList = 94B5180723C8AD310096E152 /* Build configuration list for PBXNativeTarget "CZTableViewTests" */;
			buildPhases = (
				94B517F523C8AD310096E152 /* Sources */,
				94B517F623C8AD310096E152 /* Frameworks */,
				94B517F723C8AD310096E152 /* Resources */,
			);
			buildRules = (
			);
			dependencies = (
				94B517FC23C8AD310096E152 /* PBXTargetDependency */,
			);
			name = CZTableViewTests;
			productName = CZTableViewTests;
			productReference = 94B517F923C8AD310096E152 /* CZTableViewTests.xctest */;
			productType = "com.apple.product-type.bundle.unit-test";
		};
/* End PBXNativeTarget section */

/* Begin PBXProject section */
		94B517E723C8AD300096E152 /* Project object */ = {
			isa = PBXProject;
			attributes = {
				LastSwiftUpdateCheck = 1130;
				LastUpgradeCheck = 1130;
				ORGANIZATIONNAME = "Nishit Mishra";
				TargetAttributes = {
					94B517EF23C8AD300096E152 = {
						CreatedOnToolsVersion = 11.3;
						LastSwiftMigration = 1130;
					};
					94B517F823C8AD310096E152 = {
						CreatedOnToolsVersion = 11.3;
					};
				};
			};
			buildConfigurationList = 94B517EA23C8AD300096E152 /* Build configuration list for PBXProject "CZTableView" */;
			compatibilityVersion = "Xcode 9.3";
			developmentRegion = en;
			hasScannedForEncodings = 0;
			knownRegions = (
				en,
				Base,
			);
			mainGroup = 94B517E623C8AD300096E152;
			productRefGroup = 94B517F123C8AD300096E152 /* Products */;
			projectDirPath = "";
			projectReferences = (
				{
					ProductGroup = 94B5184C23C8AEAE0096E152 /* Products */;
					ProjectRef = 94B5184B23C8AEAE0096E152 /* testq.xcodeproj */;
				},
			);
			projectRoot = "";
			targets = (
				94B517EF23C8AD300096E152 /* CZTableView */,
				94B517F823C8AD310096E152 /* CZTableViewTests */,
			);
		};
/* End PBXProject section */

/* Begin PBXReferenceProxy section */
		94B5185223C8AEAE0096E152 /* testq.app */ = {
			isa = PBXReferenceProxy;
			fileType = wrapper.application;
			path = testq.app;
			remoteRef = 94B5185123C8AEAE0096E152 /* PBXContainerItemProxy */;
			sourceTree = BUILT_PRODUCTS_DIR;
		};
		94B5185423C8AEAE0096E152 /* testqTests.xctest */ = {
			isa = PBXReferenceProxy;
			fileType = wrapper.cfbundle;
			path = testqTests.xctest;
			remoteRef = 94B5185323C8AEAE0096E152 /* PBXContainerItemProxy */;
			sourceTree = BUILT_PRODUCTS_DIR;
		};
		94B5185623C8AEAE0096E152 /* testqUITests.xctest */ = {
			isa = PBXReferenceProxy;
			fileType = wrapper.cfbundle;
			path = testqUITests.xctest;
			remoteRef = 94B5185523C8AEAE0096E152 /* PBXContainerItemProxy */;
			sourceTree = BUILT_PRODUCTS_DIR;
		};
/* End PBXReferenceProxy section */

/* Begin PBXResourcesBuildPhase section */
		94B517EE23C8AD300096E152 /* Resources */ = {
			isa = PBXResourcesBuildPhase;
			buildActionMask = 2147483647;
			files = (
				94B5188223C8B06A0096E152 /* PlaceholderCollectionViewCell.xib in Resources */,
				94B5188723C8B07B0096E152 /* Assets.xcassets in Resources */,
				94B5188523C8B06A0096E152 /* PlaceholderTableViewCell.xib in Resources */,
			);
			runOnlyForDeploymentPostprocessing = 0;
		};
		94B517F723C8AD310096E152 /* Resources */ = {
			isa = PBXResourcesBuildPhase;
			buildActionMask = 2147483647;
			files = (
			);
			runOnlyForDeploymentPostprocessing = 0;
		};
/* End PBXResourcesBuildPhase section */

/* Begin PBXSourcesBuildPhase section */
		94B517EC23C8AD300096E152 /* Sources */ = {
			isa = PBXSourcesBuildPhase;
			buildActionMask = 2147483647;
			files = (
				94B5187D23C8B0620096E152 /* PlaceholderStyle.swift in Sources */,
				94B5188423C8B06A0096E152 /* PlaceholderCollectionViewCell.swift in Sources */,
				94B5186A23C8B0510096E152 /* PlaceholdersSwitcher.swift in Sources */,
				94B5186C23C8B0510096E152 /* NibLoadable.swift in Sources */,
				94B5186B23C8B0510096E152 /* CellPlaceholding.swift in Sources */,
				94B5186D23C8B0510096E152 /* Reusable.swift in Sources */,
				94B5186223C8B0440096E152 /* CollectionView.swift in Sources */,
				94B5186523C8B0440096E152 /* TableView.swift in Sources */,
				94B5187323C8B0590096E152 /* PlaceholdersProvider.swift in Sources */,
				94B5187223C8B0590096E152 /* PlaceholdersProvider+Defauls.swift in Sources */,
				94B5188323C8B06A0096E152 /* PlaceholderTableViewCell.swift in Sources */,
				94B5186323C8B0440096E152 /* TableView+Switcher.swift in Sources */,
				94B5186423C8B0440096E152 /* CollectionView+Switcher.swift in Sources */,
				94B5187B23C8B0620096E152 /* Placeholder.swift in Sources */,
				94B5187C23C8B0620096E152 /* ErrorMessage.swift in Sources */,
				94B5187A23C8B0620096E152 /* PlaceholderData.swift in Sources */,
				94B5187923C8B0620096E152 /* PlaceholderKey.swift in Sources */,
				94B5187123C8B0590096E152 /* PlaceholderDataSourceDelegate.swift in Sources */,
			);
			runOnlyForDeploymentPostprocessing = 0;
		};
		94B517F523C8AD310096E152 /* Sources */ = {
			isa = PBXSourcesBuildPhase;
			buildActionMask = 2147483647;
			files = (
				94B517FF23C8AD310096E152 /* CZTableViewTests.swift in Sources */,
			);
			runOnlyForDeploymentPostprocessing = 0;
		};
/* End PBXSourcesBuildPhase section */

/* Begin PBXTargetDependency section */
		94B517FC23C8AD310096E152 /* PBXTargetDependency */ = {
			isa = PBXTargetDependency;
			target = 94B517EF23C8AD300096E152 /* CZTableView */;
			targetProxy = 94B517FB23C8AD310096E152 /* PBXContainerItemProxy */;
		};
/* End PBXTargetDependency section */

/* Begin XCBuildConfiguration section */
		94B5180223C8AD310096E152 /* Debug */ = {
			isa = XCBuildConfiguration;
			buildSettings = {
				ALWAYS_SEARCH_USER_PATHS = NO;
				CLANG_ANALYZER_NONNULL = YES;
				CLANG_ANALYZER_NUMBER_OBJECT_CONVERSION = YES_AGGRESSIVE;
				CLANG_CXX_LANGUAGE_STANDARD = "gnu++14";
				CLANG_CXX_LIBRARY = "libc++";
				CLANG_ENABLE_MODULES = YES;
				CLANG_ENABLE_OBJC_ARC = YES;
				CLANG_ENABLE_OBJC_WEAK = YES;
				CLANG_WARN_BLOCK_CAPTURE_AUTORELEASING = YES;
				CLANG_WARN_BOOL_CONVERSION = YES;
				CLANG_WARN_COMMA = YES;
				CLANG_WARN_CONSTANT_CONVERSION = YES;
				CLANG_WARN_DEPRECATED_OBJC_IMPLEMENTATIONS = YES;
				CLANG_WARN_DIRECT_OBJC_ISA_USAGE = YES_ERROR;
				CLANG_WARN_DOCUMENTATION_COMMENTS = YES;
				CLANG_WARN_EMPTY_BODY = YES;
				CLANG_WARN_ENUM_CONVERSION = YES;
				CLANG_WARN_INFINITE_RECURSION = YES;
				CLANG_WARN_INT_CONVERSION = YES;
				CLANG_WARN_NON_LITERAL_NULL_CONVERSION = YES;
				CLANG_WARN_OBJC_IMPLICIT_RETAIN_SELF = YES;
				CLANG_WARN_OBJC_LITERAL_CONVERSION = YES;
				CLANG_WARN_OBJC_ROOT_CLASS = YES_ERROR;
				CLANG_WARN_RANGE_LOOP_ANALYSIS = YES;
				CLANG_WARN_STRICT_PROTOTYPES = YES;
				CLANG_WARN_SUSPICIOUS_MOVE = YES;
				CLANG_WARN_UNGUARDED_AVAILABILITY = YES_AGGRESSIVE;
				CLANG_WARN_UNREACHABLE_CODE = YES;
				CLANG_WARN__DUPLICATE_METHOD_MATCH = YES;
				COPY_PHASE_STRIP = NO;
				CURRENT_PROJECT_VERSION = 1;
				DEBUG_INFORMATION_FORMAT = dwarf;
				ENABLE_STRICT_OBJC_MSGSEND = YES;
				ENABLE_TESTABILITY = YES;
				GCC_C_LANGUAGE_STANDARD = gnu11;
				GCC_DYNAMIC_NO_PIC = NO;
				GCC_NO_COMMON_BLOCKS = YES;
				GCC_OPTIMIZATION_LEVEL = 0;
				GCC_PREPROCESSOR_DEFINITIONS = (
					"DEBUG=1",
					"$(inherited)",
				);
				GCC_WARN_64_TO_32_BIT_CONVERSION = YES;
				GCC_WARN_ABOUT_RETURN_TYPE = YES_ERROR;
				GCC_WARN_UNDECLARED_SELECTOR = YES;
				GCC_WARN_UNINITIALIZED_AUTOS = YES_AGGRESSIVE;
				GCC_WARN_UNUSED_FUNCTION = YES;
				GCC_WARN_UNUSED_VARIABLE = YES;
				IPHONEOS_DEPLOYMENT_TARGET = 13.2;
				MTL_ENABLE_DEBUG_INFO = INCLUDE_SOURCE;
				MTL_FAST_MATH = YES;
				ONLY_ACTIVE_ARCH = YES;
				SDKROOT = iphoneos;
				SWIFT_ACTIVE_COMPILATION_CONDITIONS = DEBUG;
				SWIFT_OPTIMIZATION_LEVEL = "-Onone";
				VERSIONING_SYSTEM = "apple-generic";
				VERSION_INFO_PREFIX = "";
			};
			name = Debug;
		};
		94B5180323C8AD310096E152 /* Release */ = {
			isa = XCBuildConfiguration;
			buildSettings = {
				ALWAYS_SEARCH_USER_PATHS = NO;
				CLANG_ANALYZER_NONNULL = YES;
				CLANG_ANALYZER_NUMBER_OBJECT_CONVERSION = YES_AGGRESSIVE;
				CLANG_CXX_LANGUAGE_STANDARD = "gnu++14";
				CLANG_CXX_LIBRARY = "libc++";
				CLANG_ENABLE_MODULES = YES;
				CLANG_ENABLE_OBJC_ARC = YES;
				CLANG_ENABLE_OBJC_WEAK = YES;
				CLANG_WARN_BLOCK_CAPTURE_AUTORELEASING = YES;
				CLANG_WARN_BOOL_CONVERSION = YES;
				CLANG_WARN_COMMA = YES;
				CLANG_WARN_CONSTANT_CONVERSION = YES;
				CLANG_WARN_DEPRECATED_OBJC_IMPLEMENTATIONS = YES;
				CLANG_WARN_DIRECT_OBJC_ISA_USAGE = YES_ERROR;
				CLANG_WARN_DOCUMENTATION_COMMENTS = YES;
				CLANG_WARN_EMPTY_BODY = YES;
				CLANG_WARN_ENUM_CONVERSION = YES;
				CLANG_WARN_INFINITE_RECURSION = YES;
				CLANG_WARN_INT_CONVERSION = YES;
				CLANG_WARN_NON_LITERAL_NULL_CONVERSION = YES;
				CLANG_WARN_OBJC_IMPLICIT_RETAIN_SELF = YES;
				CLANG_WARN_OBJC_LITERAL_CONVERSION = YES;
				CLANG_WARN_OBJC_ROOT_CLASS = YES_ERROR;
				CLANG_WARN_RANGE_LOOP_ANALYSIS = YES;
				CLANG_WARN_STRICT_PROTOTYPES = YES;
				CLANG_WARN_SUSPICIOUS_MOVE = YES;
				CLANG_WARN_UNGUARDED_AVAILABILITY = YES_AGGRESSIVE;
				CLANG_WARN_UNREACHABLE_CODE = YES;
				CLANG_WARN__DUPLICATE_METHOD_MATCH = YES;
				COPY_PHASE_STRIP = NO;
				CURRENT_PROJECT_VERSION = 1;
				DEBUG_INFORMATION_FORMAT = "dwarf-with-dsym";
				ENABLE_NS_ASSERTIONS = NO;
				ENABLE_STRICT_OBJC_MSGSEND = YES;
				GCC_C_LANGUAGE_STANDARD = gnu11;
				GCC_NO_COMMON_BLOCKS = YES;
				GCC_WARN_64_TO_32_BIT_CONVERSION = YES;
				GCC_WARN_ABOUT_RETURN_TYPE = YES_ERROR;
				GCC_WARN_UNDECLARED_SELECTOR = YES;
				GCC_WARN_UNINITIALIZED_AUTOS = YES_AGGRESSIVE;
				GCC_WARN_UNUSED_FUNCTION = YES;
				GCC_WARN_UNUSED_VARIABLE = YES;
				IPHONEOS_DEPLOYMENT_TARGET = 13.2;
				MTL_ENABLE_DEBUG_INFO = NO;
				MTL_FAST_MATH = YES;
				SDKROOT = iphoneos;
				SWIFT_COMPILATION_MODE = wholemodule;
				SWIFT_OPTIMIZATION_LEVEL = "-O";
				VALIDATE_PRODUCT = YES;
				VERSIONING_SYSTEM = "apple-generic";
				VERSION_INFO_PREFIX = "";
			};
			name = Release;
		};
		94B5180523C8AD310096E152 /* Debug */ = {
			isa = XCBuildConfiguration;
			buildSettings = {
				CLANG_ENABLE_MODULES = YES;
				CODE_SIGN_STYLE = Automatic;
				DEFINES_MODULE = YES;
				DEVELOPMENT_TEAM = M875LHS7N6;
				DYLIB_COMPATIBILITY_VERSION = 1;
				DYLIB_CURRENT_VERSION = 1;
				DYLIB_INSTALL_NAME_BASE = "@rpath";
				INFOPLIST_FILE = CZTableView/Info.plist;
				INSTALL_PATH = "$(LOCAL_LIBRARY_DIR)/Frameworks";
				IPHONEOS_DEPLOYMENT_TARGET = 11.0;
				LD_RUNPATH_SEARCH_PATHS = (
					"$(inherited)",
					"@executable_path/Frameworks",
					"@loader_path/Frameworks",
				);
				PRODUCT_BUNDLE_IDENTIFIER = com.craterzone.CZTableView;
				PRODUCT_NAME = "$(TARGET_NAME:c99extidentifier)";
				SKIP_INSTALL = YES;
				SWIFT_OPTIMIZATION_LEVEL = "-Onone";
				SWIFT_VERSION = 5.0;
				TARGETED_DEVICE_FAMILY = "1,2";
			};
			name = Debug;
		};
		94B5180623C8AD310096E152 /* Release */ = {
			isa = XCBuildConfiguration;
			buildSettings = {
				CLANG_ENABLE_MODULES = YES;
				CODE_SIGN_STYLE = Automatic;
				DEFINES_MODULE = YES;
				DEVELOPMENT_TEAM = M875LHS7N6;
				DYLIB_COMPATIBILITY_VERSION = 1;
				DYLIB_CURRENT_VERSION = 1;
				DYLIB_INSTALL_NAME_BASE = "@rpath";
				INFOPLIST_FILE = CZTableView/Info.plist;
				INSTALL_PATH = "$(LOCAL_LIBRARY_DIR)/Frameworks";
				IPHONEOS_DEPLOYMENT_TARGET = 11.0;
				LD_RUNPATH_SEARCH_PATHS = (
					"$(inherited)",
					"@executable_path/Frameworks",
					"@loader_path/Frameworks",
				);
				PRODUCT_BUNDLE_IDENTIFIER = com.craterzone.CZTableView;
				PRODUCT_NAME = "$(TARGET_NAME:c99extidentifier)";
				SKIP_INSTALL = YES;
				SWIFT_VERSION = 5.0;
				TARGETED_DEVICE_FAMILY = "1,2";
			};
			name = Release;
		};
		94B5180823C8AD310096E152 /* Debug */ = {
			isa = XCBuildConfiguration;
			buildSettings = {
				ALWAYS_EMBED_SWIFT_STANDARD_LIBRARIES = YES;
				CODE_SIGN_STYLE = Automatic;
				DEVELOPMENT_TEAM = M875LHS7N6;
				INFOPLIST_FILE = CZTableViewTests/Info.plist;
				LD_RUNPATH_SEARCH_PATHS = (
					"$(inherited)",
					"@executable_path/Frameworks",
					"@loader_path/Frameworks",
				);
				PRODUCT_BUNDLE_IDENTIFIER = com.craterzone.CZTableViewTests;
				PRODUCT_NAME = "$(TARGET_NAME)";
				SWIFT_VERSION = 5.0;
				TARGETED_DEVICE_FAMILY = "1,2";
			};
			name = Debug;
		};
		94B5180923C8AD310096E152 /* Release */ = {
			isa = XCBuildConfiguration;
			buildSettings = {
				ALWAYS_EMBED_SWIFT_STANDARD_LIBRARIES = YES;
				CODE_SIGN_STYLE = Automatic;
				DEVELOPMENT_TEAM = M875LHS7N6;
				INFOPLIST_FILE = CZTableViewTests/Info.plist;
				LD_RUNPATH_SEARCH_PATHS = (
					"$(inherited)",
					"@executable_path/Frameworks",
					"@loader_path/Frameworks",
				);
				PRODUCT_BUNDLE_IDENTIFIER = com.craterzone.CZTableViewTests;
				PRODUCT_NAME = "$(TARGET_NAME)";
				SWIFT_VERSION = 5.0;
				TARGETED_DEVICE_FAMILY = "1,2";
			};
			name = Release;
		};
/* End XCBuildConfiguration section */

/* Begin XCConfigurationList section */
		94B517EA23C8AD300096E152 /* Build configuration list for PBXProject "CZTableView" */ = {
			isa = XCConfigurationList;
			buildConfigurations = (
				94B5180223C8AD310096E152 /* Debug */,
				94B5180323C8AD310096E152 /* Release */,
			);
			defaultConfigurationIsVisible = 0;
			defaultConfigurationName = Release;
		};
		94B5180423C8AD310096E152 /* Build configuration list for PBXNativeTarget "CZTableView" */ = {
			isa = XCConfigurationList;
			buildConfigurations = (
				94B5180523C8AD310096E152 /* Debug */,
				94B5180623C8AD310096E152 /* Release */,
			);
			defaultConfigurationIsVisible = 0;
			defaultConfigurationName = Release;
		};
		94B5180723C8AD310096E152 /* Build configuration list for PBXNativeTarget "CZTableViewTests" */ = {
			isa = XCConfigurationList;
			buildConfigurations = (
				94B5180823C8AD310096E152 /* Debug */,
				94B5180923C8AD310096E152 /* Release */,
			);
			defaultConfigurationIsVisible = 0;
			defaultConfigurationName = Release;
		};
/* End XCConfigurationList section */
	};
	rootObject = 94B517E723C8AD300096E152 /* Project object */;
}
